
Microsoft Visual Studio Solution File, Format Version 12.00
# Visual Studio 15
VisualStudioVersion = 15.0.28307.902
MinimumVisualStudioVersion = 10.0.40219.1
Project("{FAE04EC0-301F-11D3-BF4B-00C04F79EFBC}") = "Stock_Management_System", "Stock_Management_System\Stock_Management_System.csproj", "{15B6CE1E-2867-44EC-82E9-8211D4F11AA4}"
EndProject
Global
	GlobalSection(SolutionConfigurationPlatforms) = preSolution
		Debug|Any CPU = Debug|Any CPU
		Release|Any CPU = Release|Any CPU
	EndGlobalSection
	GlobalSection(ProjectConfigurationPlatforms) = postSolution
		{15B6CE1E-2867-44EC-82E9-8211D4F11AA4}.Debug|Any CPU.ActiveCfg = Debug|Any CPU
		{15B6CE1E-2867-44EC-82E9-8211D4F11AA4}.Debug|Any CPU.Build.0 = Debug|Any CPU
		{15B6CE1E-2867-44EC-82E9-8211D4F11AA4}.Release|Any CPU.ActiveCfg = Release|Any CPU
		{15B6CE1E-2867-44EC-82E9-8211D4F11AA4}.Release|Any CPU.Build.0 = Release|Any CPU
	EndGlobalSection
	GlobalSection(SolutionProperties) = preSolution
		HideSolutionNode = FALSE
	EndGlobalSection
	GlobalSection(ExtensibilityGlobals) = postSolution
		SolutionGuid = {0F12EA57-6C6F-4C8A-8ECB-047049B541CB}
	EndGlobalSection
EndGlobal
